
Microsoft Visual Studio Solution File, Format Version 12.00
# Visual Studio Version 17
VisualStudioVersion = 17.9.34607.119
MinimumVisualStudioVersion = 10.0.40219.1
Project("{FAE04EC0-301F-11D3-BF4B-00C04F79EFBC}") = "lab4-solid", "lab4-solid.csproj", "{8DAB885B-5A05-427A-A799-8D526A42FE97}"
EndProject
Global
	GlobalSection(SolutionConfigurationPlatforms) = preSolution
		Debug|Any CPU = Debug|Any CPU
		Release|Any CPU = Release|Any CPU
	EndGlobalSection
	GlobalSection(ProjectConfigurationPlatforms) = postSolution
		{8DAB885B-5A05-427A-A799-8D526A42FE97}.Debug|Any CPU.ActiveCfg = Debug|Any CPU
		{8DAB885B-5A05-427A-A799-8D526A42FE97}.Debug|Any CPU.Build.0 = Debug|Any CPU
		{8DAB885B-5A05-427A-A799-8D526A42FE97}.Release|Any CPU.ActiveCfg = Release|Any CPU
		{8DAB885B-5A05-427A-A799-8D526A42FE97}.Release|Any CPU.Build.0 = Release|Any CPU
	EndGlobalSection
	GlobalSection(SolutionProperties) = preSolution
		HideSolutionNode = FALSE
	EndGlobalSection
	GlobalSection(ExtensibilityGlobals) = postSolution
		SolutionGuid = {B229BD5E-2238-4A02-8919-EDC99E928B2B}
	EndGlobalSection
EndGlobal
